// !$*UTF8*$!
{
	archiveVersion = 1;
	classes = {
	};
	objectVersion = 46;
	objects = {

/* Begin PBXBuildFile section */
		D965F0DD158FA76E00447E62 /* UIKit.framework in Frameworks */ = {isa = PBXBuildFile; fileRef = D965F0DC158FA76E00447E62 /* UIKit.framework */; };
		D965F0DF158FA76E00447E62 /* Foundation.framework in Frameworks */ = {isa = PBXBuildFile; fileRef = D965F0DE158FA76E00447E62 /* Foundation.framework */; };
		D965F0E1158FA76E00447E62 /* CoreGraphics.framework in Frameworks */ = {isa = PBXBuildFile; fileRef = D965F0E0158FA76E00447E62 /* CoreGraphics.framework */; };
		D965F0E7158FA76E00447E62 /* InfoPlist.strings in Resources */ = {isa = PBXBuildFile; fileRef = D965F0E5158FA76E00447E62 /* InfoPlist.strings */; };
		D965F0E9158FA76E00447E62 /* main.m in Sources */ = {isa = PBXBuildFile; fileRef = D965F0E8158FA76E00447E62 /* main.m */; };
		D965F0ED158FA76E00447E62 /* GRWAppDelegate.m in Sources */ = {isa = PBXBuildFile; fileRef = D965F0EC158FA76E00447E62 /* GRWAppDelegate.m */; };
		D965F102158FAAF600447E62 /* GRWTimelapseController.m in Sources */ = {isa = PBXBuildFile; fileRef = D965F101158FAAF600447E62 /* GRWTimelapseController.m */; };
		D965F108158FAEE200447E62 /* AVFoundation.framework in Frameworks */ = {isa = PBXBuildFile; fileRef = D965F107158FAEE200447E62 /* AVFoundation.framework */; };
		D9C6014D1592783000717107 /* GRWBrowserViewController.m in Sources */ = {isa = PBXBuildFile; fileRef = D9C6014C1592783000717107 /* GRWBrowserViewController.m */; };
		D9C601511592797700717107 /* GRWTimelapse.m in Sources */ = {isa = PBXBuildFile; fileRef = D9C601501592797700717107 /* GRWTimelapse.m */; };
		D9C601591592818B00717107 /* JSONKit.m in Sources */ = {isa = PBXBuildFile; fileRef = D9C601561592818B00717107 /* JSONKit.m */; settings = {COMPILER_FLAGS = "-fno-objc-arc"; }; };
		D9C601621592925900717107 /* GRWEditorViewController.m in Sources */ = {isa = PBXBuildFile; fileRef = D9C601611592925800717107 /* GRWEditorViewController.m */; };
		D9C601791593032000717107 /* UIImage+GRWExtensions.m in Sources */ = {isa = PBXBuildFile; fileRef = D9C601781593032000717107 /* UIImage+GRWExtensions.m */; };
/* End PBXBuildFile section */

/* Begin PBXFileReference section */
		D965F0D8158FA76E00447E62 /* Timelapse.app */ = {isa = PBXFileReference; explicitFileType = wrapper.application; includeInIndex = 0; path = Timelapse.app; sourceTree = BUILT_PRODUCTS_DIR; };
		D965F0DC158FA76E00447E62 /* UIKit.framework */ = {isa = PBXFileReference; lastKnownFileType = wrapper.framework; name = UIKit.framework; path = System/Library/Frameworks/UIKit.framework; sourceTree = SDKROOT; };
		D965F0DE158FA76E00447E62 /* Foundation.framework */ = {isa = PBXFileReference; lastKnownFileType = wrapper.framework; name = Foundation.framework; path = System/Library/Frameworks/Foundation.framework; sourceTree = SDKROOT; };
		D965F0E0158FA76E00447E62 /* CoreGraphics.framework */ = {isa = PBXFileReference; lastKnownFileType = wrapper.framework; name = CoreGraphics.framework; path = System/Library/Frameworks/CoreGraphics.framework; sourceTree = SDKROOT; };
		D965F0E4158FA76E00447E62 /* Timelapse-Info.plist */ = {isa = PBXFileReference; lastKnownFileType = text.plist.xml; path = "Timelapse-Info.plist"; sourceTree = "<group>"; };
		D965F0E6158FA76E00447E62 /* en */ = {isa = PBXFileReference; lastKnownFileType = text.plist.strings; name = en; path = en.lproj/InfoPlist.strings; sourceTree = "<group>"; };
		D965F0E8158FA76E00447E62 /* main.m */ = {isa = PBXFileReference; lastKnownFileType = sourcecode.c.objc; path = main.m; sourceTree = "<group>"; };
		D965F0EA158FA76E00447E62 /* Timelapse-Prefix.pch */ = {isa = PBXFileReference; lastKnownFileType = sourcecode.c.h; path = "Timelapse-Prefix.pch"; sourceTree = "<group>"; };
		D965F0EB158FA76E00447E62 /* GRWAppDelegate.h */ = {isa = PBXFileReference; lastKnownFileType = sourcecode.c.h; path = GRWAppDelegate.h; sourceTree = "<group>"; };
		D965F0EC158FA76E00447E62 /* GRWAppDelegate.m */ = {isa = PBXFileReference; lastKnownFileType = sourcecode.c.objc; path = GRWAppDelegate.m; sourceTree = "<group>"; };
		D965F100158FAAF600447E62 /* GRWTimelapseController.h */ = {isa = PBXFileReference; fileEncoding = 4; lastKnownFileType = sourcecode.c.h; path = GRWTimelapseController.h; sourceTree = "<group>"; };
		D965F101158FAAF600447E62 /* GRWTimelapseController.m */ = {isa = PBXFileReference; fileEncoding = 4; lastKnownFileType = sourcecode.c.objc; path = GRWTimelapseController.m; sourceTree = "<group>"; };
		D965F107158FAEE200447E62 /* AVFoundation.framework */ = {isa = PBXFileReference; lastKnownFileType = wrapper.framework; name = AVFoundation.framework; path = System/Library/Frameworks/AVFoundation.framework; sourceTree = SDKROOT; };
		D9C6014B1592783000717107 /* GRWBrowserViewController.h */ = {isa = PBXFileReference; fileEncoding = 4; lastKnownFileType = sourcecode.c.h; path = GRWBrowserViewController.h; sourceTree = "<group>"; };
		D9C6014C1592783000717107 /* GRWBrowserViewController.m */ = {isa = PBXFileReference; fileEncoding = 4; lastKnownFileType = sourcecode.c.objc; path = GRWBrowserViewController.m; sourceTree = "<group>"; };
		D9C6014F1592797700717107 /* GRWTimelapse.h */ = {isa = PBXFileReference; fileEncoding = 4; lastKnownFileType = sourcecode.c.h; path = GRWTimelapse.h; sourceTree = "<group>"; };
		D9C601501592797700717107 /* GRWTimelapse.m */ = {isa = PBXFileReference; fileEncoding = 4; lastKnownFileType = sourcecode.c.objc; path = GRWTimelapse.m; sourceTree = "<group>"; };
		D9C601551592818B00717107 /* JSONKit.h */ = {isa = PBXFileReference; fileEncoding = 4; lastKnownFileType = sourcecode.c.h; path = JSONKit.h; sourceTree = "<group>"; };
		D9C601561592818B00717107 /* JSONKit.m */ = {isa = PBXFileReference; fileEncoding = 4; lastKnownFileType = sourcecode.c.objc; path = JSONKit.m; sourceTree = "<group>"; };
		D9C6015B15928A0B00717107 /* GRWStrings.h */ = {isa = PBXFileReference; lastKnownFileType = sourcecode.c.h; path = GRWStrings.h; sourceTree = "<group>"; };
		D9C601601592925800717107 /* GRWEditorViewController.h */ = {isa = PBXFileReference; fileEncoding = 4; lastKnownFileType = sourcecode.c.h; path = GRWEditorViewController.h; sourceTree = "<group>"; };
		D9C601611592925800717107 /* GRWEditorViewController.m */ = {isa = PBXFileReference; fileEncoding = 4; lastKnownFileType = sourcecode.c.objc; path = GRWEditorViewController.m; sourceTree = "<group>"; };
		D9C601771593032000717107 /* UIImage+GRWExtensions.h */ = {isa = PBXFileReference; fileEncoding = 4; lastKnownFileType = sourcecode.c.h; path = "UIImage+GRWExtensions.h"; sourceTree = "<group>"; };
		D9C601781593032000717107 /* UIImage+GRWExtensions.m */ = {isa = PBXFileReference; fileEncoding = 4; lastKnownFileType = sourcecode.c.objc; path = "UIImage+GRWExtensions.m"; sourceTree = "<group>"; };
/* End PBXFileReference section */

/* Begin PBXFrameworksBuildPhase section */
		D965F0D5158FA76E00447E62 /* Frameworks */ = {
			isa = PBXFrameworksBuildPhase;
			buildActionMask = 2147483647;
			files = (
				D965F108158FAEE200447E62 /* AVFoundation.framework in Frameworks */,
				D965F0DD158FA76E00447E62 /* UIKit.framework in Frameworks */,
				D965F0DF158FA76E00447E62 /* Foundation.framework in Frameworks */,
				D965F0E1158FA76E00447E62 /* CoreGraphics.framework in Frameworks */,
			);
			runOnlyForDeploymentPostprocessing = 0;
		};
/* End PBXFrameworksBuildPhase section */

/* Begin PBXGroup section */
		D965F0CD158FA76E00447E62 = {
			isa = PBXGroup;
			children = (
				D965F107158FAEE200447E62 /* AVFoundation.framework */,
				D9C601521592818B00717107 /* Dependencies */,
				D965F0E2158FA76E00447E62 /* Timelapse */,
				D965F0DB158FA76E00447E62 /* Frameworks */,
				D965F0D9158FA76E00447E62 /* Products */,
			);
			sourceTree = "<group>";
		};
		D965F0D9158FA76E00447E62 /* Products */ = {
			isa = PBXGroup;
			children = (
				D965F0D8158FA76E00447E62 /* Timelapse.app */,
			);
			name = Products;
			sourceTree = "<group>";
		};
		D965F0DB158FA76E00447E62 /* Frameworks */ = {
			isa = PBXGroup;
			children = (
				D965F0DC158FA76E00447E62 /* UIKit.framework */,
				D965F0DE158FA76E00447E62 /* Foundation.framework */,
				D965F0E0158FA76E00447E62 /* CoreGraphics.framework */,
			);
			name = Frameworks;
			sourceTree = "<group>";
		};
		D965F0E2158FA76E00447E62 /* Timelapse */ = {
			isa = PBXGroup;
			children = (
				D965F0EB158FA76E00447E62 /* GRWAppDelegate.h */,
				D965F0EC158FA76E00447E62 /* GRWAppDelegate.m */,
				D9C6014B1592783000717107 /* GRWBrowserViewController.h */,
				D9C6014C1592783000717107 /* GRWBrowserViewController.m */,
				D9C601601592925800717107 /* GRWEditorViewController.h */,
				D9C601611592925800717107 /* GRWEditorViewController.m */,
				D9C6015B15928A0B00717107 /* GRWStrings.h */,
				D9C6015C15928BCC00717107 /* Model */,
				D965F100158FAAF600447E62 /* GRWTimelapseController.h */,
				D965F101158FAAF600447E62 /* GRWTimelapseController.m */,
				D9C601771593032000717107 /* UIImage+GRWExtensions.h */,
				D9C601781593032000717107 /* UIImage+GRWExtensions.m */,
				D965F0E3158FA76E00447E62 /* Supporting Files */,
			);
			path = Timelapse;
			sourceTree = "<group>";
		};
		D965F0E3158FA76E00447E62 /* Supporting Files */ = {
			isa = PBXGroup;
			children = (
				D965F0E4158FA76E00447E62 /* Timelapse-Info.plist */,
				D965F0E5158FA76E00447E62 /* InfoPlist.strings */,
				D965F0E8158FA76E00447E62 /* main.m */,
				D965F0EA158FA76E00447E62 /* Timelapse-Prefix.pch */,
			);
			name = "Supporting Files";
			sourceTree = "<group>";
		};
		D9C601521592818B00717107 /* Dependencies */ = {
			isa = PBXGroup;
			children = (
				D9C601531592818B00717107 /* JSONKit */,
			);
			path = Dependencies;
			sourceTree = "<group>";
		};
		D9C601531592818B00717107 /* JSONKit */ = {
			isa = PBXGroup;
			children = (
				D9C601551592818B00717107 /* JSONKit.h */,
				D9C601561592818B00717107 /* JSONKit.m */,
			);
			path = JSONKit;
			sourceTree = "<group>";
		};
		D9C6015C15928BCC00717107 /* Model */ = {
			isa = PBXGroup;
			children = (
				D9C6014F1592797700717107 /* GRWTimelapse.h */,
				D9C601501592797700717107 /* GRWTimelapse.m */,
			);
			name = Model;
			sourceTree = "<group>";
		};
/* End PBXGroup section */

/* Begin PBXNativeTarget section */
		D965F0D7158FA76E00447E62 /* Timelapse */ = {
			isa = PBXNativeTarget;
			buildConfigurationList = D965F0F0158FA76E00447E62 /* Build configuration list for PBXNativeTarget "Timelapse" */;
			buildPhases = (
				D965F0D4158FA76E00447E62 /* Sources */,
				D965F0D5158FA76E00447E62 /* Frameworks */,
				D965F0D6158FA76E00447E62 /* Resources */,
			);
			buildRules = (
			);
			dependencies = (
			);
			name = Timelapse;
			productName = Timelapse;
			productReference = D965F0D8158FA76E00447E62 /* Timelapse.app */;
			productType = "com.apple.product-type.application";
		};
/* End PBXNativeTarget section */

/* Begin PBXProject section */
		D965F0CF158FA76E00447E62 /* Project object */ = {
			isa = PBXProject;
			attributes = {
				CLASSPREFIX = GRW;
				LastUpgradeCheck = 0430;
			};
			buildConfigurationList = D965F0D2158FA76E00447E62 /* Build configuration list for PBXProject "Timelapse" */;
			compatibilityVersion = "Xcode 3.2";
			developmentRegion = English;
			hasScannedForEncodings = 0;
			knownRegions = (
				en,
			);
			mainGroup = D965F0CD158FA76E00447E62;
			productRefGroup = D965F0D9158FA76E00447E62 /* Products */;
			projectDirPath = "";
			projectRoot = "";
			targets = (
				D965F0D7158FA76E00447E62 /* Timelapse */,
			);
		};
/* End PBXProject section */

/* Begin PBXResourcesBuildPhase section */
		D965F0D6158FA76E00447E62 /* Resources */ = {
			isa = PBXResourcesBuildPhase;
			buildActionMask = 2147483647;
			files = (
				D965F0E7158FA76E00447E62 /* InfoPlist.strings in Resources */,
			);
			runOnlyForDeploymentPostprocessing = 0;
		};
/* End PBXResourcesBuildPhase section */

/* Begin PBXSourcesBuildPhase section */
		D965F0D4158FA76E00447E62 /* Sources */ = {
			isa = PBXSourcesBuildPhase;
			buildActionMask = 2147483647;
			files = (
				D965F0E9158FA76E00447E62 /* main.m in Sources */,
				D965F0ED158FA76E00447E62 /* GRWAppDelegate.m in Sources */,
				D965F102158FAAF600447E62 /* GRWTimelapseController.m in Sources */,
				D9C6014D1592783000717107 /* GRWBrowserViewController.m in Sources */,
				D9C601511592797700717107 /* GRWTimelapse.m in Sources */,
				D9C601591592818B00717107 /* JSONKit.m in Sources */,
				D9C601621592925900717107 /* GRWEditorViewController.m in Sources */,
				D9C601791593032000717107 /* UIImage+GRWExtensions.m in Sources */,
			);
			runOnlyForDeploymentPostprocessing = 0;
		};
/* End PBXSourcesBuildPhase section */

/* Begin PBXVariantGroup section */
		D965F0E5158FA76E00447E62 /* InfoPlist.strings */ = {
			isa = PBXVariantGroup;
			children = (
				D965F0E6158FA76E00447E62 /* en */,
			);
			name = InfoPlist.strings;
			sourceTree = "<group>";
		};
/* End PBXVariantGroup section */

/* Begin XCBuildConfiguration section */
		D965F0EE158FA76E00447E62 /* Debug */ = {
			isa = XCBuildConfiguration;
			buildSettings = {
				ALWAYS_SEARCH_USER_PATHS = NO;
				ARCHS = "$(ARCHS_STANDARD_32_BIT)";
				CLANG_ENABLE_OBJC_ARC = YES;
				"CODE_SIGN_IDENTITY[sdk=iphoneos*]" = "iPhone Developer";
				COPY_PHASE_STRIP = NO;
				GCC_C_LANGUAGE_STANDARD = gnu99;
				GCC_DYNAMIC_NO_PIC = NO;
				GCC_OPTIMIZATION_LEVEL = 0;
				GCC_PREPROCESSOR_DEFINITIONS = (
					"DEBUG=1",
					"$(inherited)",
				);
				GCC_SYMBOLS_PRIVATE_EXTERN = NO;
				GCC_VERSION = com.apple.compilers.llvm.clang.1_0;
				GCC_WARN_ABOUT_RETURN_TYPE = YES;
				GCC_WARN_UNINITIALIZED_AUTOS = YES;
				GCC_WARN_UNUSED_VARIABLE = YES;
				IPHONEOS_DEPLOYMENT_TARGET = 5.1;
				SDKROOT = iphoneos;
				TARGETED_DEVICE_FAMILY = "1,2";
			};
			name = Debug;
		};
		D965F0EF158FA76E00447E62 /* Release */ = {
			isa = XCBuildConfiguration;
			buildSettings = {
				ALWAYS_SEARCH_USER_PATHS = NO;
				ARCHS = "$(ARCHS_STANDARD_32_BIT)";
				CLANG_ENABLE_OBJC_ARC = YES;
				"CODE_SIGN_IDENTITY[sdk=iphoneos*]" = "iPhone Developer";
				COPY_PHASE_STRIP = YES;
				GCC_C_LANGUAGE_STANDARD = gnu99;
				GCC_VERSION = com.apple.compilers.llvm.clang.1_0;
				GCC_WARN_ABOUT_RETURN_TYPE = YES;
				GCC_WARN_UNINITIALIZED_AUTOS = YES;
				GCC_WARN_UNUSED_VARIABLE = YES;
				IPHONEOS_DEPLOYMENT_TARGET = 5.1;
				OTHER_CFLAGS = "-DNS_BLOCK_ASSERTIONS=1";
				SDKROOT = iphoneos;
				TARGETED_DEVICE_FAMILY = "1,2";
				VALIDATE_PRODUCT = YES;
			};
			name = Release;
		};
		D965F0F1158FA76E00447E62 /* Debug */ = {
			isa = XCBuildConfiguration;
			buildSettings = {
				GCC_PRECOMPILE_PREFIX_HEADER = YES;
				GCC_PREFIX_HEADER = "Timelapse/Timelapse-Prefix.pch";
				INFOPLIST_FILE = "Timelapse/Timelapse-Info.plist";
				IPHONEOS_DEPLOYMENT_TARGET = 4.0;
				PRODUCT_NAME = "$(TARGET_NAME)";
				WRAPPER_EXTENSION = app;
			};
			name = Debug;
		};
		D965F0F2158FA76E00447E62 /* Release */ = {
			isa = XCBuildConfiguration;
			buildSettings = {
				GCC_PRECOMPILE_PREFIX_HEADER = YES;
				GCC_PREFIX_HEADER = "Timelapse/Timelapse-Prefix.pch";
				INFOPLIST_FILE = "Timelapse/Timelapse-Info.plist";
				IPHONEOS_DEPLOYMENT_TARGET = 4.0;
				PRODUCT_NAME = "$(TARGET_NAME)";
				WRAPPER_EXTENSION = app;
			};
			name = Release;
		};
/* End XCBuildConfiguration section */

/* Begin XCConfigurationList section */
		D965F0D2158FA76E00447E62 /* Build configuration list for PBXProject "Timelapse" */ = {
			isa = XCConfigurationList;
			buildConfigurations = (
				D965F0EE158FA76E00447E62 /* Debug */,
				D965F0EF158FA76E00447E62 /* Release */,
			);
			defaultConfigurationIsVisible = 0;
			defaultConfigurationName = Release;
		};
		D965F0F0158FA76E00447E62 /* Build configuration list for PBXNativeTarget "Timelapse" */ = {
			isa = XCConfigurationList;
			buildConfigurations = (
				D965F0F1158FA76E00447E62 /* Debug */,
				D965F0F2158FA76E00447E62 /* Release */,
			);
			defaultConfigurationIsVisible = 0;
			defaultConfigurationName = Release;
		};
/* End XCConfigurationList section */
	};
	rootObject = D965F0CF158FA76E00447E62 /* Project object */;
}
